
Microsoft Visual Studio Solution File, Format Version 12.00
# Visual Studio Version 16
VisualStudioVersion = 16.0.28803.202
MinimumVisualStudioVersion = 10.0.40219.1
Project("{FAE04EC0-301F-11D3-BF4B-00C04F79EFBC}") = "ModelsAndModelBinding", "ModelsAndModelBinding\ModelsAndModelBinding.csproj", "{C45F0A50-B3C4-44C1-A485-8328955A2372}"
EndProject
Global
	GlobalSection(SolutionConfigurationPlatforms) = preSolution
		Debug|Any CPU = Debug|Any CPU
		Release|Any CPU = Release|Any CPU
	EndGlobalSection
	GlobalSection(ProjectConfigurationPlatforms) = postSolution
		{C45F0A50-B3C4-44C1-A485-8328955A2372}.Debug|Any CPU.ActiveCfg = Debug|Any CPU
		{C45F0A50-B3C4-44C1-A485-8328955A2372}.Debug|Any CPU.Build.0 = Debug|Any CPU
		{C45F0A50-B3C4-44C1-A485-8328955A2372}.Release|Any CPU.ActiveCfg = Release|Any CPU
		{C45F0A50-B3C4-44C1-A485-8328955A2372}.Release|Any CPU.Build.0 = Release|Any CPU
	EndGlobalSection
	GlobalSection(SolutionProperties) = preSolution
		HideSolutionNode = FALSE
	EndGlobalSection
	GlobalSection(ExtensibilityGlobals) = postSolution
		SolutionGuid = {A0C40C95-C31F-4AEA-A519-E45B28B253E5}
	EndGlobalSection
EndGlobal
